// !$*UTF8*$!
{
	archiveVersion = 1;
	classes = {
	};
	objectVersion = 55;
	objects = {

/* Begin PBXBuildFile section */
		FE193A75281DB6E200722A68 /* AppDelegate.m in Sources */ = {isa = PBXBuildFile; fileRef = FE193A74281DB6E200722A68 /* AppDelegate.m */; };
		FE193A78281DB6E200722A68 /* SceneDelegate.m in Sources */ = {isa = PBXBuildFile; fileRef = FE193A77281DB6E200722A68 /* SceneDelegate.m */; };
		FE193A7B281DB6E200722A68 /* ViewController.m in Sources */ = {isa = PBXBuildFile; fileRef = FE193A7A281DB6E200722A68 /* ViewController.m */; };
		FE193A7E281DB6E200722A68 /* Main.storyboard in Resources */ = {isa = PBXBuildFile; fileRef = FE193A7C281DB6E200722A68 /* Main.storyboard */; };
		FE193A80281DB6E400722A68 /* Assets.xcassets in Resources */ = {isa = PBXBuildFile; fileRef = FE193A7F281DB6E400722A68 /* Assets.xcassets */; };
		FE193A83281DB6E400722A68 /* LaunchScreen.storyboard in Resources */ = {isa = PBXBuildFile; fileRef = FE193A81281DB6E400722A68 /* LaunchScreen.storyboard */; };
		FE193A86281DB6E400722A68 /* main.m in Sources */ = {isa = PBXBuildFile; fileRef = FE193A85281DB6E400722A68 /* main.m */; };
		FE193A90281DB6E500722A68 /* LZCTestCodeTests.m in Sources */ = {isa = PBXBuildFile; fileRef = FE193A8F281DB6E500722A68 /* LZCTestCodeTests.m */; };
		FE193A9A281DB6E500722A68 /* LZCTestCodeUITests.m in Sources */ = {isa = PBXBuildFile; fileRef = FE193A99281DB6E500722A68 /* LZCTestCodeUITests.m */; };
		FE193A9C281DB6E500722A68 /* LZCTestCodeUITestsLaunchTests.m in Sources */ = {isa = PBXBuildFile; fileRef = FE193A9B281DB6E500722A68 /* LZCTestCodeUITestsLaunchTests.m */; };
		FE193AAC281DB7B800722A68 /* LZCTestTool.m in Sources */ = {isa = PBXBuildFile; fileRef = FE193AAB281DB7B800722A68 /* LZCTestTool.m */; };
/* End PBXBuildFile section */

/* Begin PBXContainerItemProxy section */
		FE193A8C281DB6E500722A68 /* PBXContainerItemProxy */ = {
			isa = PBXContainerItemProxy;
			containerPortal = FE193A68281DB6E200722A68 /* Project object */;
			proxyType = 1;
			remoteGlobalIDString = FE193A6F281DB6E200722A68;
			remoteInfo = LZCTestCode;
		};
		FE193A96281DB6E500722A68 /* PBXContainerItemProxy */ = {
			isa = PBXContainerItemProxy;
			containerPortal = FE193A68281DB6E200722A68 /* Project object */;
			proxyType = 1;
			remoteGlobalIDString = FE193A6F281DB6E200722A68;
			remoteInfo = LZCTestCode;
		};
/* End PBXContainerItemProxy section */

/* Begin PBXFileReference section */
		FE193A70281DB6E200722A68 /* LZCTestCode.app */ = {isa = PBXFileReference; explicitFileType = wrapper.application; includeInIndex = 0; path = LZCTestCode.app; sourceTree = BUILT_PRODUCTS_DIR; };
		FE193A73281DB6E200722A68 /* AppDelegate.h */ = {isa = PBXFileReference; lastKnownFileType = sourcecode.c.h; path = AppDelegate.h; sourceTree = "<group>"; };
		FE193A74281DB6E200722A68 /* AppDelegate.m */ = {isa = PBXFileReference; lastKnownFileType = sourcecode.c.objc; path = AppDelegate.m; sourceTree = "<group>"; };
		FE193A76281DB6E200722A68 /* SceneDelegate.h */ = {isa = PBXFileReference; lastKnownFileType = sourcecode.c.h; path = SceneDelegate.h; sourceTree = "<group>"; };
		FE193A77281DB6E200722A68 /* SceneDelegate.m */ = {isa = PBXFileReference; lastKnownFileType = sourcecode.c.objc; path = SceneDelegate.m; sourceTree = "<group>"; };
		FE193A79281DB6E200722A68 /* ViewController.h */ = {isa = PBXFileReference; lastKnownFileType = sourcecode.c.h; path = ViewController.h; sourceTree = "<group>"; };
		FE193A7A281DB6E200722A68 /* ViewController.m */ = {isa = PBXFileReference; lastKnownFileType = sourcecode.c.objc; path = ViewController.m; sourceTree = "<group>"; };
		FE193A7D281DB6E200722A68 /* Base */ = {isa = PBXFileReference; lastKnownFileType = file.storyboard; name = Base; path = Base.lproj/Main.storyboard; sourceTree = "<group>"; };
		FE193A7F281DB6E400722A68 /* Assets.xcassets */ = {isa = PBXFileReference; lastKnownFileType = folder.assetcatalog; path = Assets.xcassets; sourceTree = "<group>"; };
		FE193A82281DB6E400722A68 /* Base */ = {isa = PBXFileReference; lastKnownFileType = file.storyboard; name = Base; path = Base.lproj/LaunchScreen.storyboard; sourceTree = "<group>"; };
		FE193A84281DB6E400722A68 /* Info.plist */ = {isa = PBXFileReference; lastKnownFileType = text.plist.xml; path = Info.plist; sourceTree = "<group>"; };
		FE193A85281DB6E400722A68 /* main.m */ = {isa = PBXFileReference; lastKnownFileType = sourcecode.c.objc; path = main.m; sourceTree = "<group>"; };
		FE193A8B281DB6E500722A68 /* LZCTestCodeTests.xctest */ = {isa = PBXFileReference; explicitFileType = wrapper.cfbundle; includeInIndex = 0; path = LZCTestCodeTests.xctest; sourceTree = BUILT_PRODUCTS_DIR; };
		FE193A8F281DB6E500722A68 /* LZCTestCodeTests.m */ = {isa = PBXFileReference; lastKnownFileType = sourcecode.c.objc; path = LZCTestCodeTests.m; sourceTree = "<group>"; };
		FE193A95281DB6E500722A68 /* LZCTestCodeUITests.xctest */ = {isa = PBXFileReference; explicitFileType = wrapper.cfbundle; includeInIndex = 0; path = LZCTestCodeUITests.xctest; sourceTree = BUILT_PRODUCTS_DIR; };
		FE193A99281DB6E500722A68 /* LZCTestCodeUITests.m */ = {isa = PBXFileReference; lastKnownFileType = sourcecode.c.objc; path = LZCTestCodeUITests.m; sourceTree = "<group>"; };
		FE193A9B281DB6E500722A68 /* LZCTestCodeUITestsLaunchTests.m */ = {isa = PBXFileReference; lastKnownFileType = sourcecode.c.objc; path = LZCTestCodeUITestsLaunchTests.m; sourceTree = "<group>"; };
		FE193AAA281DB7B800722A68 /* LZCTestTool.h */ = {isa = PBXFileReference; lastKnownFileType = sourcecode.c.h; path = LZCTestTool.h; sourceTree = "<group>"; };
		FE193AAB281DB7B800722A68 /* LZCTestTool.m */ = {isa = PBXFileReference; lastKnownFileType = sourcecode.c.objc; path = LZCTestTool.m; sourceTree = "<group>"; };
/* End PBXFileReference section */

/* Begin PBXFrameworksBuildPhase section */
		FE193A6D281DB6E200722A68 /* Frameworks */ = {
			isa = PBXFrameworksBuildPhase;
			buildActionMask = 2147483647;
			files = (
			);
			runOnlyForDeploymentPostprocessing = 0;
		};
		FE193A88281DB6E500722A68 /* Frameworks */ = {
			isa = PBXFrameworksBuildPhase;
			buildActionMask = 2147483647;
			files = (
			);
			runOnlyForDeploymentPostprocessing = 0;
		};
		FE193A92281DB6E500722A68 /* Frameworks */ = {
			isa = PBXFrameworksBuildPhase;
			buildActionMask = 2147483647;
			files = (
			);
			runOnlyForDeploymentPostprocessing = 0;
		};
/* End PBXFrameworksBuildPhase section */

/* Begin PBXGroup section */
		FE193A67281DB6E200722A68 = {
			isa = PBXGroup;
			children = (
				FE193A72281DB6E200722A68 /* LZCTestCode */,
				FE193A8E281DB6E500722A68 /* LZCTestCodeTests */,
				FE193A98281DB6E500722A68 /* LZCTestCodeUITests */,
				FE193A71281DB6E200722A68 /* Products */,
			);
			sourceTree = "<group>";
		};
		FE193A71281DB6E200722A68 /* Products */ = {
			isa = PBXGroup;
			children = (
				FE193A70281DB6E200722A68 /* LZCTestCode.app */,
				FE193A8B281DB6E500722A68 /* LZCTestCodeTests.xctest */,
				FE193A95281DB6E500722A68 /* LZCTestCodeUITests.xctest */,
			);
			name = Products;
			sourceTree = "<group>";
		};
		FE193A72281DB6E200722A68 /* LZCTestCode */ = {
			isa = PBXGroup;
			children = (
				FE193AA9281DB77100722A68 /* Classes */,
				FE193A73281DB6E200722A68 /* AppDelegate.h */,
				FE193A74281DB6E200722A68 /* AppDelegate.m */,
				FE193A76281DB6E200722A68 /* SceneDelegate.h */,
				FE193A77281DB6E200722A68 /* SceneDelegate.m */,
				FE193A79281DB6E200722A68 /* ViewController.h */,
				FE193A7A281DB6E200722A68 /* ViewController.m */,
				FE193A7C281DB6E200722A68 /* Main.storyboard */,
				FE193A7F281DB6E400722A68 /* Assets.xcassets */,
				FE193A81281DB6E400722A68 /* LaunchScreen.storyboard */,
				FE193A84281DB6E400722A68 /* Info.plist */,
				FE193A85281DB6E400722A68 /* main.m */,
			);
			path = LZCTestCode;
			sourceTree = "<group>";
		};
		FE193A8E281DB6E500722A68 /* LZCTestCodeTests */ = {
			isa = PBXGroup;
			children = (
				FE193A8F281DB6E500722A68 /* LZCTestCodeTests.m */,
			);
			path = LZCTestCodeTests;
			sourceTree = "<group>";
		};
		FE193A98281DB6E500722A68 /* LZCTestCodeUITests */ = {
			isa = PBXGroup;
			children = (
				FE193A99281DB6E500722A68 /* LZCTestCodeUITests.m */,
				FE193A9B281DB6E500722A68 /* LZCTestCodeUITestsLaunchTests.m */,
			);
			path = LZCTestCodeUITests;
			sourceTree = "<group>";
		};
		FE193AA9281DB77100722A68 /* Classes */ = {
			isa = PBXGroup;
			children = (
				FE193AAA281DB7B800722A68 /* LZCTestTool.h */,
				FE193AAB281DB7B800722A68 /* LZCTestTool.m */,
			);
			path = Classes;
			sourceTree = "<group>";
		};
/* End PBXGroup section */

/* Begin PBXNativeTarget section */
		FE193A6F281DB6E200722A68 /* LZCTestCode */ = {
			isa = PBXNativeTarget;
			buildConfigurationList = FE193A9F281DB6E500722A68 /* Build configuration list for PBXNativeTarget "LZCTestCode" */;
			buildPhases = (
				FE193A6C281DB6E200722A68 /* Sources */,
				FE193A6D281DB6E200722A68 /* Frameworks */,
				FE193A6E281DB6E200722A68 /* Resources */,
			);
			buildRules = (
			);
			dependencies = (
			);
			name = LZCTestCode;
			productName = LZCTestCode;
			productReference = FE193A70281DB6E200722A68 /* LZCTestCode.app */;
			productType = "com.apple.product-type.application";
		};
		FE193A8A281DB6E500722A68 /* LZCTestCodeTests */ = {
			isa = PBXNativeTarget;
			buildConfigurationList = FE193AA2281DB6E500722A68 /* Build configuration list for PBXNativeTarget "LZCTestCodeTests" */;
			buildPhases = (
				FE193A87281DB6E500722A68 /* Sources */,
				FE193A88281DB6E500722A68 /* Frameworks */,
				FE193A89281DB6E500722A68 /* Resources */,
			);
			buildRules = (
			);
			dependencies = (
				FE193A8D281DB6E500722A68 /* PBXTargetDependency */,
			);
			name = LZCTestCodeTests;
			productName = LZCTestCodeTests;
			productReference = FE193A8B281DB6E500722A68 /* LZCTestCodeTests.xctest */;
			productType = "com.apple.product-type.bundle.unit-test";
		};
		FE193A94281DB6E500722A68 /* LZCTestCodeUITests */ = {
			isa = PBXNativeTarget;
			buildConfigurationList = FE193AA5281DB6E500722A68 /* Build configuration list for PBXNativeTarget "LZCTestCodeUITests" */;
			buildPhases = (
				FE193A91281DB6E500722A68 /* Sources */,
				FE193A92281DB6E500722A68 /* Frameworks */,
				FE193A93281DB6E500722A68 /* Resources */,
			);
			buildRules = (
			);
			dependencies = (
				FE193A97281DB6E500722A68 /* PBXTargetDependency */,
			);
			name = LZCTestCodeUITests;
			productName = LZCTestCodeUITests;
			productReference = FE193A95281DB6E500722A68 /* LZCTestCodeUITests.xctest */;
			productType = "com.apple.product-type.bundle.ui-testing";
		};
/* End PBXNativeTarget section */

/* Begin PBXProject section */
		FE193A68281DB6E200722A68 /* Project object */ = {
			isa = PBXProject;
			attributes = {
				BuildIndependentTargetsInParallel = 1;
				LastUpgradeCheck = 1330;
				TargetAttributes = {
					FE193A6F281DB6E200722A68 = {
						CreatedOnToolsVersion = 13.3;
					};
					FE193A8A281DB6E500722A68 = {
						CreatedOnToolsVersion = 13.3;
						TestTargetID = FE193A6F281DB6E200722A68;
					};
					FE193A94281DB6E500722A68 = {
						CreatedOnToolsVersion = 13.3;
						TestTargetID = FE193A6F281DB6E200722A68;
					};
				};
			};
			buildConfigurationList = FE193A6B281DB6E200722A68 /* Build configuration list for PBXProject "LZCTestCode" */;
			compatibilityVersion = "Xcode 13.0";
			developmentRegion = en;
			hasScannedForEncodings = 0;
			knownRegions = (
				en,
				Base,
			);
			mainGroup = FE193A67281DB6E200722A68;
			productRefGroup = FE193A71281DB6E200722A68 /* Products */;
			projectDirPath = "";
			projectRoot = "";
			targets = (
				FE193A6F281DB6E200722A68 /* LZCTestCode */,
				FE193A8A281DB6E500722A68 /* LZCTestCodeTests */,
				FE193A94281DB6E500722A68 /* LZCTestCodeUITests */,
			);
		};
/* End PBXProject section */

/* Begin PBXResourcesBuildPhase section */
		FE193A6E281DB6E200722A68 /* Resources */ = {
			isa = PBXResourcesBuildPhase;
			buildActionMask = 2147483647;
			files = (
				FE193A83281DB6E400722A68 /* LaunchScreen.storyboard in Resources */,
				FE193A80281DB6E400722A68 /* Assets.xcassets in Resources */,
				FE193A7E281DB6E200722A68 /* Main.storyboard in Resources */,
			);
			runOnlyForDeploymentPostprocessing = 0;
		};
		FE193A89281DB6E500722A68 /* Resources */ = {
			isa = PBXResourcesBuildPhase;
			buildActionMask = 2147483647;
			files = (
			);
			runOnlyForDeploymentPostprocessing = 0;
		};
		FE193A93281DB6E500722A68 /* Resources */ = {
			isa = PBXResourcesBuildPhase;
			buildActionMask = 2147483647;
			files = (
			);
			runOnlyForDeploymentPostprocessing = 0;
		};
/* End PBXResourcesBuildPhase section */

/* Begin PBXSourcesBuildPhase section */
		FE193A6C281DB6E200722A68 /* Sources */ = {
			isa = PBXSourcesBuildPhase;
			buildActionMask = 2147483647;
			files = (
				FE193A7B281DB6E200722A68 /* ViewController.m in Sources */,
				FE193A75281DB6E200722A68 /* AppDelegate.m in Sources */,
				FE193AAC281DB7B800722A68 /* LZCTestTool.m in Sources */,
				FE193A86281DB6E400722A68 /* main.m in Sources */,
				FE193A78281DB6E200722A68 /* SceneDelegate.m in Sources */,
			);
			runOnlyForDeploymentPostprocessing = 0;
		};
		FE193A87281DB6E500722A68 /* Sources */ = {
			isa = PBXSourcesBuildPhase;
			buildActionMask = 2147483647;
			files = (
				FE193A90281DB6E500722A68 /* LZCTestCodeTests.m in Sources */,
			);
			runOnlyForDeploymentPostprocessing = 0;
		};
		FE193A91281DB6E500722A68 /* Sources */ = {
			isa = PBXSourcesBuildPhase;
			buildActionMask = 2147483647;
			files = (
				FE193A9A281DB6E500722A68 /* LZCTestCodeUITests.m in Sources */,
				FE193A9C281DB6E500722A68 /* LZCTestCodeUITestsLaunchTests.m in Sources */,
			);
			runOnlyForDeploymentPostprocessing = 0;
		};
/* End PBXSourcesBuildPhase section */

/* Begin PBXTargetDependency section */
		FE193A8D281DB6E500722A68 /* PBXTargetDependency */ = {
			isa = PBXTargetDependency;
			target = FE193A6F281DB6E200722A68 /* LZCTestCode */;
			targetProxy = FE193A8C281DB6E500722A68 /* PBXContainerItemProxy */;
		};
		FE193A97281DB6E500722A68 /* PBXTargetDependency */ = {
			isa = PBXTargetDependency;
			target = FE193A6F281DB6E200722A68 /* LZCTestCode */;
			targetProxy = FE193A96281DB6E500722A68 /* PBXContainerItemProxy */;
		};
/* End PBXTargetDependency section */

/* Begin PBXVariantGroup section */
		FE193A7C281DB6E200722A68 /* Main.storyboard */ = {
			isa = PBXVariantGroup;
			children = (
				FE193A7D281DB6E200722A68 /* Base */,
			);
			name = Main.storyboard;
			sourceTree = "<group>";
		};
		FE193A81281DB6E400722A68 /* LaunchScreen.storyboard */ = {
			isa = PBXVariantGroup;
			children = (
				FE193A82281DB6E400722A68 /* Base */,
			);
			name = LaunchScreen.storyboard;
			sourceTree = "<group>";
		};
/* End PBXVariantGroup section */

/* Begin XCBuildConfiguration section */
		FE193A9D281DB6E500722A68 /* Debug */ = {
			isa = XCBuildConfiguration;
			buildSettings = {
				ALWAYS_SEARCH_USER_PATHS = NO;
				CLANG_ANALYZER_NONNULL = YES;
				CLANG_ANALYZER_NUMBER_OBJECT_CONVERSION = YES_AGGRESSIVE;
				CLANG_CXX_LANGUAGE_STANDARD = "gnu++17";
				CLANG_ENABLE_MODULES = YES;
				CLANG_ENABLE_OBJC_ARC = YES;
				CLANG_ENABLE_OBJC_WEAK = YES;
				CLANG_WARN_BLOCK_CAPTURE_AUTORELEASING = YES;
				CLANG_WARN_BOOL_CONVERSION = YES;
				CLANG_WARN_COMMA = YES;
				CLANG_WARN_CONSTANT_CONVERSION = YES;
				CLANG_WARN_DEPRECATED_OBJC_IMPLEMENTATIONS = YES;
				CLANG_WARN_DIRECT_OBJC_ISA_USAGE = YES_ERROR;
				CLANG_WARN_DOCUMENTATION_COMMENTS = YES;
				CLANG_WARN_EMPTY_BODY = YES;
				CLANG_WARN_ENUM_CONVERSION = YES;
				CLANG_WARN_INFINITE_RECURSION = YES;
				CLANG_WARN_INT_CONVERSION = YES;
				CLANG_WARN_NON_LITERAL_NULL_CONVERSION = YES;
				CLANG_WARN_OBJC_IMPLICIT_RETAIN_SELF = YES;
				CLANG_WARN_OBJC_LITERAL_CONVERSION = YES;
				CLANG_WARN_OBJC_ROOT_CLASS = YES_ERROR;
				CLANG_WARN_QUOTED_INCLUDE_IN_FRAMEWORK_HEADER = YES;
				CLANG_WARN_RANGE_LOOP_ANALYSIS = YES;
				CLANG_WARN_STRICT_PROTOTYPES = YES;
				CLANG_WARN_SUSPICIOUS_MOVE = YES;
				CLANG_WARN_UNGUARDED_AVAILABILITY = YES_AGGRESSIVE;
				CLANG_WARN_UNREACHABLE_CODE = YES;
				CLANG_WARN__DUPLICATE_METHOD_MATCH = YES;
				COPY_PHASE_STRIP = NO;
				DEBUG_INFORMATION_FORMAT = dwarf;
				ENABLE_STRICT_OBJC_MSGSEND = YES;
				ENABLE_TESTABILITY = YES;
				GCC_C_LANGUAGE_STANDARD = gnu11;
				GCC_DYNAMIC_NO_PIC = NO;
				GCC_NO_COMMON_BLOCKS = YES;
				GCC_OPTIMIZATION_LEVEL = 0;
				GCC_PREPROCESSOR_DEFINITIONS = (
					"DEBUG=1",
					"$(inherited)",
				);
				GCC_WARN_64_TO_32_BIT_CONVERSION = YES;
				GCC_WARN_ABOUT_RETURN_TYPE = YES_ERROR;
				GCC_WARN_UNDECLARED_SELECTOR = YES;
				GCC_WARN_UNINITIALIZED_AUTOS = YES_AGGRESSIVE;
				GCC_WARN_UNUSED_FUNCTION = YES;
				GCC_WARN_UNUSED_VARIABLE = YES;
				IPHONEOS_DEPLOYMENT_TARGET = 15.4;
				MTL_ENABLE_DEBUG_INFO = INCLUDE_SOURCE;
				MTL_FAST_MATH = YES;
				ONLY_ACTIVE_ARCH = YES;
				SDKROOT = iphoneos;
			};
			name = Debug;
		};
		FE193A9E281DB6E500722A68 /* Release */ = {
			isa = XCBuildConfiguration;
			buildSettings = {
				ALWAYS_SEARCH_USER_PATHS = NO;
				CLANG_ANALYZER_NONNULL = YES;
				CLANG_ANALYZER_NUMBER_OBJECT_CONVERSION = YES_AGGRESSIVE;
				CLANG_CXX_LANGUAGE_STANDARD = "gnu++17";
				CLANG_ENABLE_MODULES = YES;
				CLANG_ENABLE_OBJC_ARC = YES;
				CLANG_ENABLE_OBJC_WEAK = YES;
				CLANG_WARN_BLOCK_CAPTURE_AUTORELEASING = YES;
				CLANG_WARN_BOOL_CONVERSION = YES;
				CLANG_WARN_COMMA = YES;
				CLANG_WARN_CONSTANT_CONVERSION = YES;
				CLANG_WARN_DEPRECATED_OBJC_IMPLEMENTATIONS = YES;
				CLANG_WARN_DIRECT_OBJC_ISA_USAGE = YES_ERROR;
				CLANG_WARN_DOCUMENTATION_COMMENTS = YES;
				CLANG_WARN_EMPTY_BODY = YES;
				CLANG_WARN_ENUM_CONVERSION = YES;
				CLANG_WARN_INFINITE_RECURSION = YES;
				CLANG_WARN_INT_CONVERSION = YES;
				CLANG_WARN_NON_LITERAL_NULL_CONVERSION = YES;
				CLANG_WARN_OBJC_IMPLICIT_RETAIN_SELF = YES;
				CLANG_WARN_OBJC_LITERAL_CONVERSION = YES;
				CLANG_WARN_OBJC_ROOT_CLASS = YES_ERROR;
				CLANG_WARN_QUOTED_INCLUDE_IN_FRAMEWORK_HEADER = YES;
				CLANG_WARN_RANGE_LOOP_ANALYSIS = YES;
				CLANG_WARN_STRICT_PROTOTYPES = YES;
				CLANG_WARN_SUSPICIOUS_MOVE = YES;
				CLANG_WARN_UNGUARDED_AVAILABILITY = YES_AGGRESSIVE;
				CLANG_WARN_UNREACHABLE_CODE = YES;
				CLANG_WARN__DUPLICATE_METHOD_MATCH = YES;
				COPY_PHASE_STRIP = NO;
				DEBUG_INFORMATION_FORMAT = "dwarf-with-dsym";
				ENABLE_NS_ASSERTIONS = NO;
				ENABLE_STRICT_OBJC_MSGSEND = YES;
				GCC_C_LANGUAGE_STANDARD = gnu11;
				GCC_NO_COMMON_BLOCKS = YES;
				GCC_WARN_64_TO_32_BIT_CONVERSION = YES;
				GCC_WARN_ABOUT_RETURN_TYPE = YES_ERROR;
				GCC_WARN_UNDECLARED_SELECTOR = YES;
				GCC_WARN_UNINITIALIZED_AUTOS = YES_AGGRESSIVE;
				GCC_WARN_UNUSED_FUNCTION = YES;
				GCC_WARN_UNUSED_VARIABLE = YES;
				IPHONEOS_DEPLOYMENT_TARGET = 15.4;
				MTL_ENABLE_DEBUG_INFO = NO;
				MTL_FAST_MATH = YES;
				SDKROOT = iphoneos;
				VALIDATE_PRODUCT = YES;
			};
			name = Release;
		};
		FE193AA0281DB6E500722A68 /* Debug */ = {
			isa = XCBuildConfiguration;
			buildSettings = {
				ASSETCATALOG_COMPILER_APPICON_NAME = AppIcon;
				ASSETCATALOG_COMPILER_GLOBAL_ACCENT_COLOR_NAME = AccentColor;
				CODE_SIGN_STYLE = Automatic;
				CURRENT_PROJECT_VERSION = 1;
				GENERATE_INFOPLIST_FILE = YES;
				INFOPLIST_FILE = LZCTestCode/Info.plist;
				INFOPLIST_KEY_UIApplicationSupportsIndirectInputEvents = YES;
				INFOPLIST_KEY_UILaunchStoryboardName = LaunchScreen;
				INFOPLIST_KEY_UIMainStoryboardFile = Main;
				INFOPLIST_KEY_UISupportedInterfaceOrientations_iPad = "UIInterfaceOrientationPortrait UIInterfaceOrientationPortraitUpsideDown UIInterfaceOrientationLandscapeLeft UIInterfaceOrientationLandscapeRight";
				INFOPLIST_KEY_UISupportedInterfaceOrientations_iPhone = "UIInterfaceOrientationPortrait UIInterfaceOrientationLandscapeLeft UIInterfaceOrientationLandscapeRight";
				LD_RUNPATH_SEARCH_PATHS = (
					"$(inherited)",
					"@executable_path/Frameworks",
				);
				MARKETING_VERSION = 1.0;
				PRODUCT_BUNDLE_IDENTIFIER = Alx.LZCTestCode;
				PRODUCT_NAME = "$(TARGET_NAME)";
				SWIFT_EMIT_LOC_STRINGS = YES;
				TARGETED_DEVICE_FAMILY = "1,2";
			};
			name = Debug;
		};
		FE193AA1281DB6E500722A68 /* Release */ = {
			isa = XCBuildConfiguration;
			buildSettings = {
				ASSETCATALOG_COMPILER_APPICON_NAME = AppIcon;
				ASSETCATALOG_COMPILER_GLOBAL_ACCENT_COLOR_NAME = AccentColor;
				CODE_SIGN_STYLE = Automatic;
				CURRENT_PROJECT_VERSION = 1;
				GENERATE_INFOPLIST_FILE = YES;
				INFOPLIST_FILE = LZCTestCode/Info.plist;
				INFOPLIST_KEY_UIApplicationSupportsIndirectInputEvents = YES;
				INFOPLIST_KEY_UILaunchStoryboardName = LaunchScreen;
				INFOPLIST_KEY_UIMainStoryboardFile = Main;
				INFOPLIST_KEY_UISupportedInterfaceOrientations_iPad = "UIInterfaceOrientationPortrait UIInterfaceOrientationPortraitUpsideDown UIInterfaceOrientationLandscapeLeft UIInterfaceOrientationLandscapeRight";
				INFOPLIST_KEY_UISupportedInterfaceOrientations_iPhone = "UIInterfaceOrientationPortrait UIInterfaceOrientationLandscapeLeft UIInterfaceOrientationLandscapeRight";
				LD_RUNPATH_SEARCH_PATHS = (
					"$(inherited)",
					"@executable_path/Frameworks",
				);
				MARKETING_VERSION = 1.0;
				PRODUCT_BUNDLE_IDENTIFIER = Alx.LZCTestCode;
				PRODUCT_NAME = "$(TARGET_NAME)";
				SWIFT_EMIT_LOC_STRINGS = YES;
				TARGETED_DEVICE_FAMILY = "1,2";
			};
			name = Release;
		};
		FE193AA3281DB6E500722A68 /* Debug */ = {
			isa = XCBuildConfiguration;
			buildSettings = {
				BUNDLE_LOADER = "$(TEST_HOST)";
				CODE_SIGN_STYLE = Automatic;
				CURRENT_PROJECT_VERSION = 1;
				GENERATE_INFOPLIST_FILE = YES;
				IPHONEOS_DEPLOYMENT_TARGET = 15.4;
				MARKETING_VERSION = 1.0;
				PRODUCT_BUNDLE_IDENTIFIER = Alx.LZCTestCodeTests;
				PRODUCT_NAME = "$(TARGET_NAME)";
				SWIFT_EMIT_LOC_STRINGS = NO;
				TARGETED_DEVICE_FAMILY = "1,2";
				TEST_HOST = "$(BUILT_PRODUCTS_DIR)/LZCTestCode.app/LZCTestCode";
			};
			name = Debug;
		};
		FE193AA4281DB6E500722A68 /* Release */ = {
			isa = XCBuildConfiguration;
			buildSettings = {
				BUNDLE_LOADER = "$(TEST_HOST)";
				CODE_SIGN_STYLE = Automatic;
				CURRENT_PROJECT_VERSION = 1;
				GENERATE_INFOPLIST_FILE = YES;
				IPHONEOS_DEPLOYMENT_TARGET = 15.4;
				MARKETING_VERSION = 1.0;
				PRODUCT_BUNDLE_IDENTIFIER = Alx.LZCTestCodeTests;
				PRODUCT_NAME = "$(TARGET_NAME)";
				SWIFT_EMIT_LOC_STRINGS = NO;
				TARGETED_DEVICE_FAMILY = "1,2";
				TEST_HOST = "$(BUILT_PRODUCTS_DIR)/LZCTestCode.app/LZCTestCode";
			};
			name = Release;
		};
		FE193AA6281DB6E500722A68 /* Debug */ = {
			isa = XCBuildConfiguration;
			buildSettings = {
				CODE_SIGN_STYLE = Automatic;
				CURRENT_PROJECT_VERSION = 1;
				GENERATE_INFOPLIST_FILE = YES;
				MARKETING_VERSION = 1.0;
				PRODUCT_BUNDLE_IDENTIFIER = Alx.LZCTestCodeUITests;
				PRODUCT_NAME = "$(TARGET_NAME)";
				SWIFT_EMIT_LOC_STRINGS = NO;
				TARGETED_DEVICE_FAMILY = "1,2";
				TEST_TARGET_NAME = LZCTestCode;
			};
			name = Debug;
		};
		FE193AA7281DB6E500722A68 /* Release */ = {
			isa = XCBuildConfiguration;
			buildSettings = {
				CODE_SIGN_STYLE = Automatic;
				CURRENT_PROJECT_VERSION = 1;
				GENERATE_INFOPLIST_FILE = YES;
				MARKETING_VERSION = 1.0;
				PRODUCT_BUNDLE_IDENTIFIER = Alx.LZCTestCodeUITests;
				PRODUCT_NAME = "$(TARGET_NAME)";
				SWIFT_EMIT_LOC_STRINGS = NO;
				TARGETED_DEVICE_FAMILY = "1,2";
				TEST_TARGET_NAME = LZCTestCode;
			};
			name = Release;
		};
/* End XCBuildConfiguration section */

/* Begin XCConfigurationList section */
		FE193A6B281DB6E200722A68 /* Build configuration list for PBXProject "LZCTestCode" */ = {
			isa = XCConfigurationList;
			buildConfigurations = (
				FE193A9D281DB6E500722A68 /* Debug */,
				FE193A9E281DB6E500722A68 /* Release */,
			);
			defaultConfigurationIsVisible = 0;
			defaultConfigurationName = Release;
		};
		FE193A9F281DB6E500722A68 /* Build configuration list for PBXNativeTarget "LZCTestCode" */ = {
			isa = XCConfigurationList;
			buildConfigurations = (
				FE193AA0281DB6E500722A68 /* Debug */,
				FE193AA1281DB6E500722A68 /* Release */,
			);
			defaultConfigurationIsVisible = 0;
			defaultConfigurationName = Release;
		};
		FE193AA2281DB6E500722A68 /* Build configuration list for PBXNativeTarget "LZCTestCodeTests" */ = {
			isa = XCConfigurationList;
			buildConfigurations = (
				FE193AA3281DB6E500722A68 /* Debug */,
				FE193AA4281DB6E500722A68 /* Release */,
			);
			defaultConfigurationIsVisible = 0;
			defaultConfigurationName = Release;
		};
		FE193AA5281DB6E500722A68 /* Build configuration list for PBXNativeTarget "LZCTestCodeUITests" */ = {
			isa = XCConfigurationList;
			buildConfigurations = (
				FE193AA6281DB6E500722A68 /* Debug */,
				FE193AA7281DB6E500722A68 /* Release */,
			);
			defaultConfigurationIsVisible = 0;
			defaultConfigurationName = Release;
		};
/* End XCConfigurationList section */
	};
	rootObject = FE193A68281DB6E200722A68 /* Project object */;
}
